
Microsoft Visual Studio Solution File, Format Version 12.00
# Visual Studio Version 17
VisualStudioVersion = 17.0.32112.339
MinimumVisualStudioVersion = 10.0.40219.1
Project("{FAE04EC0-301F-11D3-BF4B-00C04F79EFBC}") = "Greeting Card", "Greeting Card\Greeting Card.csproj", "{A4F719E6-4BB5-4C59-A259-DF19C8224796}"
EndProject
Global
	GlobalSection(SolutionConfigurationPlatforms) = preSolution
		Debug|Any CPU = Debug|Any CPU
		Release|Any CPU = Release|Any CPU
	EndGlobalSection
	GlobalSection(ProjectConfigurationPlatforms) = postSolution
		{A4F719E6-4BB5-4C59-A259-DF19C8224796}.Debug|Any CPU.ActiveCfg = Debug|Any CPU
		{A4F719E6-4BB5-4C59-A259-DF19C8224796}.Debug|Any CPU.Build.0 = Debug|Any CPU
		{A4F719E6-4BB5-4C59-A259-DF19C8224796}.Release|Any CPU.ActiveCfg = Release|Any CPU
		{A4F719E6-4BB5-4C59-A259-DF19C8224796}.Release|Any CPU.Build.0 = Release|Any CPU
	EndGlobalSection
	GlobalSection(SolutionProperties) = preSolution
		HideSolutionNode = FALSE
	EndGlobalSection
	GlobalSection(ExtensibilityGlobals) = postSolution
		SolutionGuid = {E6FF0C55-FC77-4A4E-A8DF-EDD06AA2616F}
	EndGlobalSection
EndGlobal
